
Microsoft Visual Studio Solution File, Format Version 11.00
# Visual Studio 2010
Project("{FAE04EC0-301F-11D3-BF4B-00C04F79EFBC}") = "MySql", "Extension\MySql.csproj", "{D3C83649-9B7F-46BF-9984-FFDE06C7C2DD}"
EndProject
Global
	GlobalSection(TeamFoundationVersionControl) = preSolution
		SccNumberOfProjects = 2
		SccEnterpriseProvider = {4CA58AB2-18FA-4F8D-95D4-32DDF27D184C}
		SccTeamFoundationServer = https://team.corp.devsense.com:8443/tfs/projects
		SccLocalPath0 = .
		SccProjectUniqueName1 = Extension\\MySql.csproj
		SccProjectName1 = Extension
		SccLocalPath1 = Extension
	EndGlobalSection
	GlobalSection(SolutionConfigurationPlatforms) = preSolution
		Debug|Any CPU = Debug|Any CPU
		Release|Any CPU = Release|Any CPU
	EndGlobalSection
	GlobalSection(ProjectConfigurationPlatforms) = postSolution
		{D3C83649-9B7F-46BF-9984-FFDE06C7C2DD}.Debug|Any CPU.ActiveCfg = Debug|Any CPU
		{D3C83649-9B7F-46BF-9984-FFDE06C7C2DD}.Debug|Any CPU.Build.0 = Debug|Any CPU
		{D3C83649-9B7F-46BF-9984-FFDE06C7C2DD}.Release|Any CPU.ActiveCfg = Release|Any CPU
		{D3C83649-9B7F-46BF-9984-FFDE06C7C2DD}.Release|Any CPU.Build.0 = Release|Any CPU
	EndGlobalSection
	GlobalSection(SolutionProperties) = preSolution
		HideSolutionNode = FALSE
	EndGlobalSection
EndGlobal
